
Microsoft Visual Studio Solution File, Format Version 12.00
# Visual Studio Version 17
VisualStudioVersion = 17.14.36616.10
MinimumVisualStudioVersion = 10.0.40219.1
Project("{FAE04EC0-301F-11D3-BF4B-00C04F79EFBC}") = "ReverseLinkedList2", "ReverseLinkedList2\ReverseLinkedList2.csproj", "{43775419-57F6-4F83-B5AA-44123AC9FB4C}"
EndProject
Global
	GlobalSection(SolutionConfigurationPlatforms) = preSolution
		Debug|Any CPU = Debug|Any CPU
		Release|Any CPU = Release|Any CPU
	EndGlobalSection
	GlobalSection(ProjectConfigurationPlatforms) = postSolution
		{43775419-57F6-4F83-B5AA-44123AC9FB4C}.Debug|Any CPU.ActiveCfg = Debug|Any CPU
		{43775419-57F6-4F83-B5AA-44123AC9FB4C}.Debug|Any CPU.Build.0 = Debug|Any CPU
		{43775419-57F6-4F83-B5AA-44123AC9FB4C}.Release|Any CPU.ActiveCfg = Release|Any CPU
		{43775419-57F6-4F83-B5AA-44123AC9FB4C}.Release|Any CPU.Build.0 = Release|Any CPU
	EndGlobalSection
	GlobalSection(SolutionProperties) = preSolution
		HideSolutionNode = FALSE
	EndGlobalSection
	GlobalSection(ExtensibilityGlobals) = postSolution
		SolutionGuid = {423D4559-ED01-495F-B338-980F89928768}
	EndGlobalSection
EndGlobal
